Microsoft Visual Studio Solution File, Format Version 12.00
# Visual Studio Version 17
VisualStudioVersion = 17.5.2.0
MinimumVisualStudioVersion = 10.0.40219.1
Project("{2150E333-8FDC-42A3-9474-1A3956D46DE8}") = "grover-hash-cracker", "grover-hash-cracker", "{EDCF22D8-956D-2180-6470-C6E0C057811E}"
EndProject
Project("{FAE04EC0-301F-11D3-BF4B-00C04F79EFBC}") = "src", "grover-hash-cracker\src\src.csproj", "{3BFEE39F-F643-B593-FCAC-2E8ACC1A3449}"
EndProject
Global
	GlobalSection(SolutionConfigurationPlatforms) = preSolution
		Debug|Any CPU = Debug|Any CPU
		Release|Any CPU = Release|Any CPU
	EndGlobalSection
	GlobalSection(ProjectConfigurationPlatforms) = postSolution
		{3BFEE39F-F643-B593-FCAC-2E8ACC1A3449}.Debug|Any CPU.ActiveCfg = Debug|Any CPU
		{3BFEE39F-F643-B593-FCAC-2E8ACC1A3449}.Debug|Any CPU.Build.0 = Debug|Any CPU
		{3BFEE39F-F643-B593-FCAC-2E8ACC1A3449}.Release|Any CPU.ActiveCfg = Release|Any CPU
		{3BFEE39F-F643-B593-FCAC-2E8ACC1A3449}.Release|Any CPU.Build.0 = Release|Any CPU
	EndGlobalSection
	GlobalSection(SolutionProperties) = preSolution
		HideSolutionNode = FALSE
	EndGlobalSection
	GlobalSection(NestedProjects) = preSolution
		{3BFEE39F-F643-B593-FCAC-2E8ACC1A3449} = {EDCF22D8-956D-2180-6470-C6E0C057811E}
	EndGlobalSection
	GlobalSection(ExtensibilityGlobals) = postSolution
		SolutionGuid = {C64A0E89-7457-4319-A7CA-AF18B0A65F37}
	EndGlobalSection
EndGlobal
